schema: '2.0'
stages:
  prepare:
    cmd: python src/prepare.py data/data.xml
    deps:
    - path: data/data.xml
      md5: a304afb96060aad90176268345e10355
      size: 37891850
    - path: src/prepare.py
      md5: 51549a1c87b182ebdd785704f56ffaf1
      size: 1581
    params:
      params.yaml:
        prepare.seed: 20170428
        prepare.split: 0.3
    outs:
    - path: data/prepared
      md5: bed584579b8a95a035a5643acd6f3476.dir
      size: 23861319
      nfiles: 2
  featurize:
    cmd: python src/featurization.py data/prepared data/features
    deps:
    - path: data/prepared
      md5: bed584579b8a95a035a5643acd6f3476.dir
      size: 23861319
      nfiles: 2
    - path: src/featurization.py
      md5: 61c592707fd1b33e27819c87cf93f80a
      size: 2391
    params:
      params.yaml:
        featurize.max_features: 3000
        featurize.ngrams: 2
    outs:
    - path: data/features
      md5: e943497d5f904a6ce0bcea279d8d31fb.dir
      size: 12726948
      nfiles: 2
  train:
    cmd: python src/train.py data/features model.pkl
    deps:
    - path: data/features
      md5: e943497d5f904a6ce0bcea279d8d31fb.dir
      size: 12726948
      nfiles: 2
    - path: src/train.py
      md5: 9ab95496b29b6ea3418bbf20b9fe3473
      size: 964
    params:
      params.yaml:
        train.min_split: 64
        train.n_est: 100
        train.seed: 20170428
    outs:
    - path: model.pkl
      md5: 0052b3538a5e890a83e5fcaf0c8a62e0
      size: 1926595
  evaluate:
    cmd: python src/evaluate.py model.pkl data/features scores.json prc.json roc.json
    deps:
    - path: data/features
      md5: e943497d5f904a6ce0bcea279d8d31fb.dir
      size: 12726948
      nfiles: 2
    - path: model.pkl
      md5: 0052b3538a5e890a83e5fcaf0c8a62e0
      size: 1926595
    - path: src/evaluate.py
      md5: fb7b5209c9237ea6cf63550e5fe9b817
      size: 1943
    outs:
    - path: prc.json
      md5: 4164c1bb7908be98f495ee738c77f25d
      size: 134046
    - path: roc.json
      md5: ffb6e26d21cfee7813e20d82324b0f8c
      size: 79682
    - path: scores.json
      md5: 688c1138a8dcc0445839199511fa781c
      size: 73
